
Microsoft Visual Studio Solution File, Format Version 12.00
Project("{FAE04EC0-301F-11D3-BF4B-00C04F79EFBC}") = "mortolikResu", "mortolikResu\mortolikResu.csproj", "{7145092F-8588-41CA-BC0B-A89485FFA4AD}"
EndProject
Global
	GlobalSection(SolutionConfigurationPlatforms) = preSolution
		Debug|Any CPU = Debug|Any CPU
		Release|Any CPU = Release|Any CPU
	EndGlobalSection
	GlobalSection(ProjectConfigurationPlatforms) = postSolution
		{7145092F-8588-41CA-BC0B-A89485FFA4AD}.Debug|Any CPU.ActiveCfg = Debug|Any CPU
		{7145092F-8588-41CA-BC0B-A89485FFA4AD}.Debug|Any CPU.Build.0 = Debug|Any CPU
		{7145092F-8588-41CA-BC0B-A89485FFA4AD}.Release|Any CPU.ActiveCfg = Release|Any CPU
		{7145092F-8588-41CA-BC0B-A89485FFA4AD}.Release|Any CPU.Build.0 = Release|Any CPU
	EndGlobalSection
EndGlobal
